// !$*UTF8*$!
{
	archiveVersion = 1;
	classes = {
	};
	objectVersion = 50;
	objects = {

/* Begin PBXBuildFile section */
		D41F7A4D2510B528001D44E5 /* AppDelegate.swift in Sources */ = {isa = PBXBuildFile; fileRef = D41F7A4C2510B528001D44E5 /* AppDelegate.swift */; };
		D41F7A4F2510B528001D44E5 /* SceneDelegate.swift in Sources */ = {isa = PBXBuildFile; fileRef = D41F7A4E2510B528001D44E5 /* SceneDelegate.swift */; };
		D41F7A512510B528001D44E5 /* ViewController.swift in Sources */ = {isa = PBXBuildFile; fileRef = D41F7A502510B528001D44E5 /* ViewController.swift */; };
		D41F7A542510B528001D44E5 /* Main.storyboard in Resources */ = {isa = PBXBuildFile; fileRef = D41F7A522510B528001D44E5 /* Main.storyboard */; };
		D41F7A562510B52B001D44E5 /* Assets.xcassets in Resources */ = {isa = PBXBuildFile; fileRef = D41F7A552510B52B001D44E5 /* Assets.xcassets */; };
		D41F7A592510B52B001D44E5 /* LaunchScreen.storyboard in Resources */ = {isa = PBXBuildFile; fileRef = D41F7A572510B52B001D44E5 /* LaunchScreen.storyboard */; };
		D41F7A612510B54B001D44E5 /* Coordinator.swift in Sources */ = {isa = PBXBuildFile; fileRef = D41F7A602510B54B001D44E5 /* Coordinator.swift */; };
		D41F7A632510B593001D44E5 /* Storyboarded.swift in Sources */ = {isa = PBXBuildFile; fileRef = D41F7A622510B593001D44E5 /* Storyboarded.swift */; };
		D41F7A652510B625001D44E5 /* MainCoordinator.swift in Sources */ = {isa = PBXBuildFile; fileRef = D41F7A642510B625001D44E5 /* MainCoordinator.swift */; };
		D41F7A672510B717001D44E5 /* BuyViewController.swift in Sources */ = {isa = PBXBuildFile; fileRef = D41F7A662510B717001D44E5 /* BuyViewController.swift */; };
		D41F7A692510B721001D44E5 /* CreateAccountViewController.swift in Sources */ = {isa = PBXBuildFile; fileRef = D41F7A682510B721001D44E5 /* CreateAccountViewController.swift */; };
/* End PBXBuildFile section */

/* Begin PBXFileReference section */
		D41F7A492510B528001D44E5 /* Coordinator.app */ = {isa = PBXFileReference; explicitFileType = wrapper.application; includeInIndex = 0; path = Coordinator.app; sourceTree = BUILT_PRODUCTS_DIR; };
		D41F7A4C2510B528001D44E5 /* AppDelegate.swift */ = {isa = PBXFileReference; lastKnownFileType = sourcecode.swift; path = AppDelegate.swift; sourceTree = "<group>"; };
		D41F7A4E2510B528001D44E5 /* SceneDelegate.swift */ = {isa = PBXFileReference; lastKnownFileType = sourcecode.swift; path = SceneDelegate.swift; sourceTree = "<group>"; };
		D41F7A502510B528001D44E5 /* ViewController.swift */ = {isa = PBXFileReference; lastKnownFileType = sourcecode.swift; path = ViewController.swift; sourceTree = "<group>"; };
		D41F7A532510B528001D44E5 /* Base */ = {isa = PBXFileReference; lastKnownFileType = file.storyboard; name = Base; path = Base.lproj/Main.storyboard; sourceTree = "<group>"; };
		D41F7A552510B52B001D44E5 /* Assets.xcassets */ = {isa = PBXFileReference; lastKnownFileType = folder.assetcatalog; path = Assets.xcassets; sourceTree = "<group>"; };
		D41F7A582510B52B001D44E5 /* Base */ = {isa = PBXFileReference; lastKnownFileType = file.storyboard; name = Base; path = Base.lproj/LaunchScreen.storyboard; sourceTree = "<group>"; };
		D41F7A5A2510B52B001D44E5 /* Info.plist */ = {isa = PBXFileReference; lastKnownFileType = text.plist.xml; path = Info.plist; sourceTree = "<group>"; };
		D41F7A602510B54B001D44E5 /* Coordinator.swift */ = {isa = PBXFileReference; lastKnownFileType = sourcecode.swift; path = Coordinator.swift; sourceTree = "<group>"; };
		D41F7A622510B593001D44E5 /* Storyboarded.swift */ = {isa = PBXFileReference; lastKnownFileType = sourcecode.swift; path = Storyboarded.swift; sourceTree = "<group>"; };
		D41F7A642510B625001D44E5 /* MainCoordinator.swift */ = {isa = PBXFileReference; lastKnownFileType = sourcecode.swift; path = MainCoordinator.swift; sourceTree = "<group>"; };
		D41F7A662510B717001D44E5 /* BuyViewController.swift */ = {isa = PBXFileReference; lastKnownFileType = sourcecode.swift; path = BuyViewController.swift; sourceTree = "<group>"; };
		D41F7A682510B721001D44E5 /* CreateAccountViewController.swift */ = {isa = PBXFileReference; lastKnownFileType = sourcecode.swift; path = CreateAccountViewController.swift; sourceTree = "<group>"; };
/* End PBXFileReference section */

/* Begin PBXFrameworksBuildPhase section */
		D41F7A462510B528001D44E5 /* Frameworks */ = {
			isa = PBXFrameworksBuildPhase;
			buildActionMask = 2147483647;
			files = (
			);
			runOnlyForDeploymentPostprocessing = 0;
		};
/* End PBXFrameworksBuildPhase section */

/* Begin PBXGroup section */
		D41F7A402510B528001D44E5 = {
			isa = PBXGroup;
			children = (
				D41F7A4B2510B528001D44E5 /* Coordinator */,
				D41F7A4A2510B528001D44E5 /* Products */,
			);
			sourceTree = "<group>";
		};
		D41F7A4A2510B528001D44E5 /* Products */ = {
			isa = PBXGroup;
			children = (
				D41F7A492510B528001D44E5 /* Coordinator.app */,
			);
			name = Products;
			sourceTree = "<group>";
		};
		D41F7A4B2510B528001D44E5 /* Coordinator */ = {
			isa = PBXGroup;
			children = (
				D41F7A4C2510B528001D44E5 /* AppDelegate.swift */,
				D41F7A662510B717001D44E5 /* BuyViewController.swift */,
				D41F7A682510B721001D44E5 /* CreateAccountViewController.swift */,
				D41F7A4E2510B528001D44E5 /* SceneDelegate.swift */,
				D41F7A502510B528001D44E5 /* ViewController.swift */,
				D41F7A602510B54B001D44E5 /* Coordinator.swift */,
				D41F7A522510B528001D44E5 /* Main.storyboard */,
				D41F7A642510B625001D44E5 /* MainCoordinator.swift */,
				D41F7A622510B593001D44E5 /* Storyboarded.swift */,
				D41F7A552510B52B001D44E5 /* Assets.xcassets */,
				D41F7A572510B52B001D44E5 /* LaunchScreen.storyboard */,
				D41F7A5A2510B52B001D44E5 /* Info.plist */,
			);
			path = Coordinator;
			sourceTree = "<group>";
		};
/* End PBXGroup section */

/* Begin PBXNativeTarget section */
		D41F7A482510B528001D44E5 /* Coordinator */ = {
			isa = PBXNativeTarget;
			buildConfigurationList = D41F7A5D2510B52B001D44E5 /* Build configuration list for PBXNativeTarget "Coordinator" */;
			buildPhases = (
				D41F7A452510B528001D44E5 /* Sources */,
				D41F7A462510B528001D44E5 /* Frameworks */,
				D41F7A472510B528001D44E5 /* Resources */,
			);
			buildRules = (
			);
			dependencies = (
			);
			name = Coordinator;
			productName = Coordinator;
			productReference = D41F7A492510B528001D44E5 /* Coordinator.app */;
			productType = "com.apple.product-type.application";
		};
/* End PBXNativeTarget section */

/* Begin PBXProject section */
		D41F7A412510B528001D44E5 /* Project object */ = {
			isa = PBXProject;
			attributes = {
				LastSwiftUpdateCheck = 1170;
				LastUpgradeCheck = 1170;
				ORGANIZATIONNAME = "Todor Dimitrov";
				TargetAttributes = {
					D41F7A482510B528001D44E5 = {
						CreatedOnToolsVersion = 11.7;
					};
				};
			};
			buildConfigurationList = D41F7A442510B528001D44E5 /* Build configuration list for PBXProject "Coordinator" */;
			compatibilityVersion = "Xcode 9.3";
			developmentRegion = en;
			hasScannedForEncodings = 0;
			knownRegions = (
				en,
				Base,
			);
			mainGroup = D41F7A402510B528001D44E5;
			productRefGroup = D41F7A4A2510B528001D44E5 /* Products */;
			projectDirPath = "";
			projectRoot = "";
			targets = (
				D41F7A482510B528001D44E5 /* Coordinator */,
			);
		};
/* End PBXProject section */

/* Begin PBXResourcesBuildPhase section */
		D41F7A472510B528001D44E5 /* Resources */ = {
			isa = PBXResourcesBuildPhase;
			buildActionMask = 2147483647;
			files = (
				D41F7A592510B52B001D44E5 /* LaunchScreen.storyboard in Resources */,
				D41F7A562510B52B001D44E5 /* Assets.xcassets in Resources */,
				D41F7A542510B528001D44E5 /* Main.storyboard in Resources */,
			);
			runOnlyForDeploymentPostprocessing = 0;
		};
/* End PBXResourcesBuildPhase section */

/* Begin PBXSourcesBuildPhase section */
		D41F7A452510B528001D44E5 /* Sources */ = {
			isa = PBXSourcesBuildPhase;
			buildActionMask = 2147483647;
			files = (
				D41F7A612510B54B001D44E5 /* Coordinator.swift in Sources */,
				D41F7A652510B625001D44E5 /* MainCoordinator.swift in Sources */,
				D41F7A512510B528001D44E5 /* ViewController.swift in Sources */,
				D41F7A632510B593001D44E5 /* Storyboarded.swift in Sources */,
				D41F7A692510B721001D44E5 /* CreateAccountViewController.swift in Sources */,
				D41F7A4D2510B528001D44E5 /* AppDelegate.swift in Sources */,
				D41F7A672510B717001D44E5 /* BuyViewController.swift in Sources */,
				D41F7A4F2510B528001D44E5 /* SceneDelegate.swift in Sources */,
			);
			runOnlyForDeploymentPostprocessing = 0;
		};
/* End PBXSourcesBuildPhase section */

/* Begin PBXVariantGroup section */
		D41F7A522510B528001D44E5 /* Main.storyboard */ = {
			isa = PBXVariantGroup;
			children = (
				D41F7A532510B528001D44E5 /* Base */,
			);
			name = Main.storyboard;
			sourceTree = "<group>";
		};
		D41F7A572510B52B001D44E5 /* LaunchScreen.storyboard */ = {
			isa = PBXVariantGroup;
			children = (
				D41F7A582510B52B001D44E5 /* Base */,
			);
			name = LaunchScreen.storyboard;
			sourceTree = "<group>";
		};
/* End PBXVariantGroup section */

/* Begin XCBuildConfiguration section */
		D41F7A5B2510B52B001D44E5 /* Debug */ = {
			isa = XCBuildConfiguration;
			buildSettings = {
				ALWAYS_SEARCH_USER_PATHS = NO;
				CLANG_ANALYZER_NONNULL = YES;
				CLANG_ANALYZER_NUMBER_OBJECT_CONVERSION = YES_AGGRESSIVE;
				CLANG_CXX_LANGUAGE_STANDARD = "gnu++14";
				CLANG_CXX_LIBRARY = "libc++";
				CLANG_ENABLE_MODULES = YES;
				CLANG_ENABLE_OBJC_ARC = YES;
				CLANG_ENABLE_OBJC_WEAK = YES;
				CLANG_WARN_BLOCK_CAPTURE_AUTORELEASING = YES;
				CLANG_WARN_BOOL_CONVERSION = YES;
				CLANG_WARN_COMMA = YES;
				CLANG_WARN_CONSTANT_CONVERSION = YES;
				CLANG_WARN_DEPRECATED_OBJC_IMPLEMENTATIONS = YES;
				CLANG_WARN_DIRECT_OBJC_ISA_USAGE = YES_ERROR;
				CLANG_WARN_DOCUMENTATION_COMMENTS = YES;
				CLANG_WARN_EMPTY_BODY = YES;
				CLANG_WARN_ENUM_CONVERSION = YES;
				CLANG_WARN_INFINITE_RECURSION = YES;
				CLANG_WARN_INT_CONVERSION = YES;
				CLANG_WARN_NON_LITERAL_NULL_CONVERSION = YES;
				CLANG_WARN_OBJC_IMPLICIT_RETAIN_SELF = YES;
				CLANG_WARN_OBJC_LITERAL_CONVERSION = YES;
				CLANG_WARN_OBJC_ROOT_CLASS = YES_ERROR;
				CLANG_WARN_RANGE_LOOP_ANALYSIS = YES;
				CLANG_WARN_STRICT_PROTOTYPES = YES;
				CLANG_WARN_SUSPICIOUS_MOVE = YES;
				CLANG_WARN_UNGUARDED_AVAILABILITY = YES_AGGRESSIVE;
				CLANG_WARN_UNREACHABLE_CODE = YES;
				CLANG_WARN__DUPLICATE_METHOD_MATCH = YES;
				COPY_PHASE_STRIP = NO;
				DEBUG_INFORMATION_FORMAT = dwarf;
				ENABLE_STRICT_OBJC_MSGSEND = YES;
				ENABLE_TESTABILITY = YES;
				GCC_C_LANGUAGE_STANDARD = gnu11;
				GCC_DYNAMIC_NO_PIC = NO;
				GCC_NO_COMMON_BLOCKS = YES;
				GCC_OPTIMIZATION_LEVEL = 0;
				GCC_PREPROCESSOR_DEFINITIONS = (
					"DEBUG=1",
					"$(inherited)",
				);
				GCC_WARN_64_TO_32_BIT_CONVERSION = YES;
				GCC_WARN_ABOUT_RETURN_TYPE = YES_ERROR;
				GCC_WARN_UNDECLARED_SELECTOR = YES;
				GCC_WARN_UNINITIALIZED_AUTOS = YES_AGGRESSIVE;
				GCC_WARN_UNUSED_FUNCTION = YES;
				GCC_WARN_UNUSED_VARIABLE = YES;
				IPHONEOS_DEPLOYMENT_TARGET = 13.7;
				MTL_ENABLE_DEBUG_INFO = INCLUDE_SOURCE;
				MTL_FAST_MATH = YES;
				ONLY_ACTIVE_ARCH = YES;
				SDKROOT = iphoneos;
				SWIFT_ACTIVE_COMPILATION_CONDITIONS = DEBUG;
				SWIFT_OPTIMIZATION_LEVEL = "-Onone";
			};
			name = Debug;
		};
		D41F7A5C2510B52B001D44E5 /* Release */ = {
			isa = XCBuildConfiguration;
			buildSettings = {
				ALWAYS_SEARCH_USER_PATHS = NO;
				CLANG_ANALYZER_NONNULL = YES;
				CLANG_ANALYZER_NUMBER_OBJECT_CONVERSION = YES_AGGRESSIVE;
				CLANG_CXX_LANGUAGE_STANDARD = "gnu++14";
				CLANG_CXX_LIBRARY = "libc++";
				CLANG_ENABLE_MODULES = YES;
				CLANG_ENABLE_OBJC_ARC = YES;
				CLANG_ENABLE_OBJC_WEAK = YES;
				CLANG_WARN_BLOCK_CAPTURE_AUTORELEASING = YES;
				CLANG_WARN_BOOL_CONVERSION = YES;
				CLANG_WARN_COMMA = YES;
				CLANG_WARN_CONSTANT_CONVERSION = YES;
				CLANG_WARN_DEPRECATED_OBJC_IMPLEMENTATIONS = YES;
				CLANG_WARN_DIRECT_OBJC_ISA_USAGE = YES_ERROR;
				CLANG_WARN_DOCUMENTATION_COMMENTS = YES;
				CLANG_WARN_EMPTY_BODY = YES;
				CLANG_WARN_ENUM_CONVERSION = YES;
				CLANG_WARN_INFINITE_RECURSION = YES;
				CLANG_WARN_INT_CONVERSION = YES;
				CLANG_WARN_NON_LITERAL_NULL_CONVERSION = YES;
				CLANG_WARN_OBJC_IMPLICIT_RETAIN_SELF = YES;
				CLANG_WARN_OBJC_LITERAL_CONVERSION = YES;
				CLANG_WARN_OBJC_ROOT_CLASS = YES_ERROR;
				CLANG_WARN_RANGE_LOOP_ANALYSIS = YES;
				CLANG_WARN_STRICT_PROTOTYPES = YES;
				CLANG_WARN_SUSPICIOUS_MOVE = YES;
				CLANG_WARN_UNGUARDED_AVAILABILITY = YES_AGGRESSIVE;
				CLANG_WARN_UNREACHABLE_CODE = YES;
				CLANG_WARN__DUPLICATE_METHOD_MATCH = YES;
				COPY_PHASE_STRIP = NO;
				DEBUG_INFORMATION_FORMAT = "dwarf-with-dsym";
				ENABLE_NS_ASSERTIONS = NO;
				ENABLE_STRICT_OBJC_MSGSEND = YES;
				GCC_C_LANGUAGE_STANDARD = gnu11;
				GCC_NO_COMMON_BLOCKS = YES;
				GCC_WARN_64_TO_32_BIT_CONVERSION = YES;
				GCC_WARN_ABOUT_RETURN_TYPE = YES_ERROR;
				GCC_WARN_UNDECLARED_SELECTOR = YES;
				GCC_WARN_UNINITIALIZED_AUTOS = YES_AGGRESSIVE;
				GCC_WARN_UNUSED_FUNCTION = YES;
				GCC_WARN_UNUSED_VARIABLE = YES;
				IPHONEOS_DEPLOYMENT_TARGET = 13.7;
				MTL_ENABLE_DEBUG_INFO = NO;
				MTL_FAST_MATH = YES;
				SDKROOT = iphoneos;
				SWIFT_COMPILATION_MODE = wholemodule;
				SWIFT_OPTIMIZATION_LEVEL = "-O";
				VALIDATE_PRODUCT = YES;
			};
			name = Release;
		};
		D41F7A5E2510B52B001D44E5 /* Debug */ = {
			isa = XCBuildConfiguration;
			buildSettings = {
				ASSETCATALOG_COMPILER_APPICON_NAME = AppIcon;
				CODE_SIGN_STYLE = Automatic;
				DEVELOPMENT_TEAM = Q8998CJRX2;
				INFOPLIST_FILE = Coordinator/Info.plist;
				LD_RUNPATH_SEARCH_PATHS = (
					"$(inherited)",
					"@executable_path/Frameworks",
				);
				PRODUCT_BUNDLE_IDENTIFIER = com.todordimitrov.Coordinator;
				PRODUCT_NAME = "$(TARGET_NAME)";
				SWIFT_VERSION = 5.0;
				TARGETED_DEVICE_FAMILY = "1,2";
			};
			name = Debug;
		};
		D41F7A5F2510B52B001D44E5 /* Release */ = {
			isa = XCBuildConfiguration;
			buildSettings = {
				ASSETCATALOG_COMPILER_APPICON_NAME = AppIcon;
				CODE_SIGN_STYLE = Automatic;
				DEVELOPMENT_TEAM = Q8998CJRX2;
				INFOPLIST_FILE = Coordinator/Info.plist;
				LD_RUNPATH_SEARCH_PATHS = (
					"$(inherited)",
					"@executable_path/Frameworks",
				);
				PRODUCT_BUNDLE_IDENTIFIER = com.todordimitrov.Coordinator;
				PRODUCT_NAME = "$(TARGET_NAME)";
				SWIFT_VERSION = 5.0;
				TARGETED_DEVICE_FAMILY = "1,2";
			};
			name = Release;
		};
/* End XCBuildConfiguration section */

/* Begin XCConfigurationList section */
		D41F7A442510B528001D44E5 /* Build configuration list for PBXProject "Coordinator" */ = {
			isa = XCConfigurationList;
			buildConfigurations = (
				D41F7A5B2510B52B001D44E5 /* Debug */,
				D41F7A5C2510B52B001D44E5 /* Release */,
			);
			defaultConfigurationIsVisible = 0;
			defaultConfigurationName = Release;
		};
		D41F7A5D2510B52B001D44E5 /* Build configuration list for PBXNativeTarget "Coordinator" */ = {
			isa = XCConfigurationList;
			buildConfigurations = (
				D41F7A5E2510B52B001D44E5 /* Debug */,
				D41F7A5F2510B52B001D44E5 /* Release */,
			);
			defaultConfigurationIsVisible = 0;
			defaultConfigurationName = Release;
		};
/* End XCConfigurationList section */
	};
	rootObject = D41F7A412510B528001D44E5 /* Project object */;
}
