// !$*UTF8*$!
{
	archiveVersion = 1;
	classes = {
	};
	objectVersion = 50;
	objects = {

/* Begin PBXBuildFile section */
		D412F568250118CE00E7BB9C /* AppDelegate.swift in Sources */ = {isa = PBXBuildFile; fileRef = D412F567250118CE00E7BB9C /* AppDelegate.swift */; };
		D412F56A250118CE00E7BB9C /* SceneDelegate.swift in Sources */ = {isa = PBXBuildFile; fileRef = D412F569250118CE00E7BB9C /* SceneDelegate.swift */; };
		D412F56C250118CE00E7BB9C /* ViewController.swift in Sources */ = {isa = PBXBuildFile; fileRef = D412F56B250118CE00E7BB9C /* ViewController.swift */; };
		D412F56F250118CE00E7BB9C /* Main.storyboard in Resources */ = {isa = PBXBuildFile; fileRef = D412F56D250118CE00E7BB9C /* Main.storyboard */; };
		D412F571250118CF00E7BB9C /* Assets.xcassets in Resources */ = {isa = PBXBuildFile; fileRef = D412F570250118CF00E7BB9C /* Assets.xcassets */; };
		D412F574250118CF00E7BB9C /* LaunchScreen.storyboard in Resources */ = {isa = PBXBuildFile; fileRef = D412F572250118CF00E7BB9C /* LaunchScreen.storyboard */; };
/* End PBXBuildFile section */

/* Begin PBXFileReference section */
		D412F564250118CE00E7BB9C /* tabGestureImgPreview.app */ = {isa = PBXFileReference; explicitFileType = wrapper.application; includeInIndex = 0; path = tabGestureImgPreview.app; sourceTree = BUILT_PRODUCTS_DIR; };
		D412F567250118CE00E7BB9C /* AppDelegate.swift */ = {isa = PBXFileReference; lastKnownFileType = sourcecode.swift; path = AppDelegate.swift; sourceTree = "<group>"; };
		D412F569250118CE00E7BB9C /* SceneDelegate.swift */ = {isa = PBXFileReference; lastKnownFileType = sourcecode.swift; path = SceneDelegate.swift; sourceTree = "<group>"; };
		D412F56B250118CE00E7BB9C /* ViewController.swift */ = {isa = PBXFileReference; lastKnownFileType = sourcecode.swift; path = ViewController.swift; sourceTree = "<group>"; };
		D412F56E250118CE00E7BB9C /* Base */ = {isa = PBXFileReference; lastKnownFileType = file.storyboard; name = Base; path = Base.lproj/Main.storyboard; sourceTree = "<group>"; };
		D412F570250118CF00E7BB9C /* Assets.xcassets */ = {isa = PBXFileReference; lastKnownFileType = folder.assetcatalog; path = Assets.xcassets; sourceTree = "<group>"; };
		D412F573250118CF00E7BB9C /* Base */ = {isa = PBXFileReference; lastKnownFileType = file.storyboard; name = Base; path = Base.lproj/LaunchScreen.storyboard; sourceTree = "<group>"; };
		D412F575250118CF00E7BB9C /* Info.plist */ = {isa = PBXFileReference; lastKnownFileType = text.plist.xml; path = Info.plist; sourceTree = "<group>"; };
/* End PBXFileReference section */

/* Begin PBXFrameworksBuildPhase section */
		D412F561250118CE00E7BB9C /* Frameworks */ = {
			isa = PBXFrameworksBuildPhase;
			buildActionMask = 2147483647;
			files = (
			);
			runOnlyForDeploymentPostprocessing = 0;
		};
/* End PBXFrameworksBuildPhase section */

/* Begin PBXGroup section */
		D412F55B250118CE00E7BB9C = {
			isa = PBXGroup;
			children = (
				D412F566250118CE00E7BB9C /* tabGestureImgPreview */,
				D412F565250118CE00E7BB9C /* Products */,
			);
			sourceTree = "<group>";
		};
		D412F565250118CE00E7BB9C /* Products */ = {
			isa = PBXGroup;
			children = (
				D412F564250118CE00E7BB9C /* tabGestureImgPreview.app */,
			);
			name = Products;
			sourceTree = "<group>";
		};
		D412F566250118CE00E7BB9C /* tabGestureImgPreview */ = {
			isa = PBXGroup;
			children = (
				D412F567250118CE00E7BB9C /* AppDelegate.swift */,
				D412F569250118CE00E7BB9C /* SceneDelegate.swift */,
				D412F56B250118CE00E7BB9C /* ViewController.swift */,
				D412F56D250118CE00E7BB9C /* Main.storyboard */,
				D412F570250118CF00E7BB9C /* Assets.xcassets */,
				D412F572250118CF00E7BB9C /* LaunchScreen.storyboard */,
				D412F575250118CF00E7BB9C /* Info.plist */,
			);
			path = tabGestureImgPreview;
			sourceTree = "<group>";
		};
/* End PBXGroup section */

/* Begin PBXNativeTarget section */
		D412F563250118CE00E7BB9C /* tabGestureImgPreview */ = {
			isa = PBXNativeTarget;
			buildConfigurationList = D412F578250118CF00E7BB9C /* Build configuration list for PBXNativeTarget "tabGestureImgPreview" */;
			buildPhases = (
				D412F560250118CE00E7BB9C /* Sources */,
				D412F561250118CE00E7BB9C /* Frameworks */,
				D412F562250118CE00E7BB9C /* Resources */,
			);
			buildRules = (
			);
			dependencies = (
			);
			name = tabGestureImgPreview;
			productName = tabGestureImgPreview;
			productReference = D412F564250118CE00E7BB9C /* tabGestureImgPreview.app */;
			productType = "com.apple.product-type.application";
		};
/* End PBXNativeTarget section */

/* Begin PBXProject section */
		D412F55C250118CE00E7BB9C /* Project object */ = {
			isa = PBXProject;
			attributes = {
				LastSwiftUpdateCheck = 1170;
				LastUpgradeCheck = 1170;
				ORGANIZATIONNAME = "Todor Dimitrov";
				TargetAttributes = {
					D412F563250118CE00E7BB9C = {
						CreatedOnToolsVersion = 11.7;
					};
				};
			};
			buildConfigurationList = D412F55F250118CE00E7BB9C /* Build configuration list for PBXProject "tabGestureImgPreview" */;
			compatibilityVersion = "Xcode 9.3";
			developmentRegion = en;
			hasScannedForEncodings = 0;
			knownRegions = (
				en,
				Base,
			);
			mainGroup = D412F55B250118CE00E7BB9C;
			productRefGroup = D412F565250118CE00E7BB9C /* Products */;
			projectDirPath = "";
			projectRoot = "";
			targets = (
				D412F563250118CE00E7BB9C /* tabGestureImgPreview */,
			);
		};
/* End PBXProject section */

/* Begin PBXResourcesBuildPhase section */
		D412F562250118CE00E7BB9C /* Resources */ = {
			isa = PBXResourcesBuildPhase;
			buildActionMask = 2147483647;
			files = (
				D412F574250118CF00E7BB9C /* LaunchScreen.storyboard in Resources */,
				D412F571250118CF00E7BB9C /* Assets.xcassets in Resources */,
				D412F56F250118CE00E7BB9C /* Main.storyboard in Resources */,
			);
			runOnlyForDeploymentPostprocessing = 0;
		};
/* End PBXResourcesBuildPhase section */

/* Begin PBXSourcesBuildPhase section */
		D412F560250118CE00E7BB9C /* Sources */ = {
			isa = PBXSourcesBuildPhase;
			buildActionMask = 2147483647;
			files = (
				D412F56C250118CE00E7BB9C /* ViewController.swift in Sources */,
				D412F568250118CE00E7BB9C /* AppDelegate.swift in Sources */,
				D412F56A250118CE00E7BB9C /* SceneDelegate.swift in Sources */,
			);
			runOnlyForDeploymentPostprocessing = 0;
		};
/* End PBXSourcesBuildPhase section */

/* Begin PBXVariantGroup section */
		D412F56D250118CE00E7BB9C /* Main.storyboard */ = {
			isa = PBXVariantGroup;
			children = (
				D412F56E250118CE00E7BB9C /* Base */,
			);
			name = Main.storyboard;
			sourceTree = "<group>";
		};
		D412F572250118CF00E7BB9C /* LaunchScreen.storyboard */ = {
			isa = PBXVariantGroup;
			children = (
				D412F573250118CF00E7BB9C /* Base */,
			);
			name = LaunchScreen.storyboard;
			sourceTree = "<group>";
		};
/* End PBXVariantGroup section */

/* Begin XCBuildConfiguration section */
		D412F576250118CF00E7BB9C /* Debug */ = {
			isa = XCBuildConfiguration;
			buildSettings = {
				ALWAYS_SEARCH_USER_PATHS = NO;
				CLANG_ANALYZER_NONNULL = YES;
				CLANG_ANALYZER_NUMBER_OBJECT_CONVERSION = YES_AGGRESSIVE;
				CLANG_CXX_LANGUAGE_STANDARD = "gnu++14";
				CLANG_CXX_LIBRARY = "libc++";
				CLANG_ENABLE_MODULES = YES;
				CLANG_ENABLE_OBJC_ARC = YES;
				CLANG_ENABLE_OBJC_WEAK = YES;
				CLANG_WARN_BLOCK_CAPTURE_AUTORELEASING = YES;
				CLANG_WARN_BOOL_CONVERSION = YES;
				CLANG_WARN_COMMA = YES;
				CLANG_WARN_CONSTANT_CONVERSION = YES;
				CLANG_WARN_DEPRECATED_OBJC_IMPLEMENTATIONS = YES;
				CLANG_WARN_DIRECT_OBJC_ISA_USAGE = YES_ERROR;
				CLANG_WARN_DOCUMENTATION_COMMENTS = YES;
				CLANG_WARN_EMPTY_BODY = YES;
				CLANG_WARN_ENUM_CONVERSION = YES;
				CLANG_WARN_INFINITE_RECURSION = YES;
				CLANG_WARN_INT_CONVERSION = YES;
				CLANG_WARN_NON_LITERAL_NULL_CONVERSION = YES;
				CLANG_WARN_OBJC_IMPLICIT_RETAIN_SELF = YES;
				CLANG_WARN_OBJC_LITERAL_CONVERSION = YES;
				CLANG_WARN_OBJC_ROOT_CLASS = YES_ERROR;
				CLANG_WARN_RANGE_LOOP_ANALYSIS = YES;
				CLANG_WARN_STRICT_PROTOTYPES = YES;
				CLANG_WARN_SUSPICIOUS_MOVE = YES;
				CLANG_WARN_UNGUARDED_AVAILABILITY = YES_AGGRESSIVE;
				CLANG_WARN_UNREACHABLE_CODE = YES;
				CLANG_WARN__DUPLICATE_METHOD_MATCH = YES;
				COPY_PHASE_STRIP = NO;
				DEBUG_INFORMATION_FORMAT = dwarf;
				ENABLE_STRICT_OBJC_MSGSEND = YES;
				ENABLE_TESTABILITY = YES;
				GCC_C_LANGUAGE_STANDARD = gnu11;
				GCC_DYNAMIC_NO_PIC = NO;
				GCC_NO_COMMON_BLOCKS = YES;
				GCC_OPTIMIZATION_LEVEL = 0;
				GCC_PREPROCESSOR_DEFINITIONS = (
					"DEBUG=1",
					"$(inherited)",
				);
				GCC_WARN_64_TO_32_BIT_CONVERSION = YES;
				GCC_WARN_ABOUT_RETURN_TYPE = YES_ERROR;
				GCC_WARN_UNDECLARED_SELECTOR = YES;
				GCC_WARN_UNINITIALIZED_AUTOS = YES_AGGRESSIVE;
				GCC_WARN_UNUSED_FUNCTION = YES;
				GCC_WARN_UNUSED_VARIABLE = YES;
				IPHONEOS_DEPLOYMENT_TARGET = 13.7;
				MTL_ENABLE_DEBUG_INFO = INCLUDE_SOURCE;
				MTL_FAST_MATH = YES;
				ONLY_ACTIVE_ARCH = YES;
				SDKROOT = iphoneos;
				SWIFT_ACTIVE_COMPILATION_CONDITIONS = DEBUG;
				SWIFT_OPTIMIZATION_LEVEL = "-Onone";
			};
			name = Debug;
		};
		D412F577250118CF00E7BB9C /* Release */ = {
			isa = XCBuildConfiguration;
			buildSettings = {
				ALWAYS_SEARCH_USER_PATHS = NO;
				CLANG_ANALYZER_NONNULL = YES;
				CLANG_ANALYZER_NUMBER_OBJECT_CONVERSION = YES_AGGRESSIVE;
				CLANG_CXX_LANGUAGE_STANDARD = "gnu++14";
				CLANG_CXX_LIBRARY = "libc++";
				CLANG_ENABLE_MODULES = YES;
				CLANG_ENABLE_OBJC_ARC = YES;
				CLANG_ENABLE_OBJC_WEAK = YES;
				CLANG_WARN_BLOCK_CAPTURE_AUTORELEASING = YES;
				CLANG_WARN_BOOL_CONVERSION = YES;
				CLANG_WARN_COMMA = YES;
				CLANG_WARN_CONSTANT_CONVERSION = YES;
				CLANG_WARN_DEPRECATED_OBJC_IMPLEMENTATIONS = YES;
				CLANG_WARN_DIRECT_OBJC_ISA_USAGE = YES_ERROR;
				CLANG_WARN_DOCUMENTATION_COMMENTS = YES;
				CLANG_WARN_EMPTY_BODY = YES;
				CLANG_WARN_ENUM_CONVERSION = YES;
				CLANG_WARN_INFINITE_RECURSION = YES;
				CLANG_WARN_INT_CONVERSION = YES;
				CLANG_WARN_NON_LITERAL_NULL_CONVERSION = YES;
				CLANG_WARN_OBJC_IMPLICIT_RETAIN_SELF = YES;
				CLANG_WARN_OBJC_LITERAL_CONVERSION = YES;
				CLANG_WARN_OBJC_ROOT_CLASS = YES_ERROR;
				CLANG_WARN_RANGE_LOOP_ANALYSIS = YES;
				CLANG_WARN_STRICT_PROTOTYPES = YES;
				CLANG_WARN_SUSPICIOUS_MOVE = YES;
				CLANG_WARN_UNGUARDED_AVAILABILITY = YES_AGGRESSIVE;
				CLANG_WARN_UNREACHABLE_CODE = YES;
				CLANG_WARN__DUPLICATE_METHOD_MATCH = YES;
				COPY_PHASE_STRIP = NO;
				DEBUG_INFORMATION_FORMAT = "dwarf-with-dsym";
				ENABLE_NS_ASSERTIONS = NO;
				ENABLE_STRICT_OBJC_MSGSEND = YES;
				GCC_C_LANGUAGE_STANDARD = gnu11;
				GCC_NO_COMMON_BLOCKS = YES;
				GCC_WARN_64_TO_32_BIT_CONVERSION = YES;
				GCC_WARN_ABOUT_RETURN_TYPE = YES_ERROR;
				GCC_WARN_UNDECLARED_SELECTOR = YES;
				GCC_WARN_UNINITIALIZED_AUTOS = YES_AGGRESSIVE;
				GCC_WARN_UNUSED_FUNCTION = YES;
				GCC_WARN_UNUSED_VARIABLE = YES;
				IPHONEOS_DEPLOYMENT_TARGET = 13.7;
				MTL_ENABLE_DEBUG_INFO = NO;
				MTL_FAST_MATH = YES;
				SDKROOT = iphoneos;
				SWIFT_COMPILATION_MODE = wholemodule;
				SWIFT_OPTIMIZATION_LEVEL = "-O";
				VALIDATE_PRODUCT = YES;
			};
			name = Release;
		};
		D412F579250118CF00E7BB9C /* Debug */ = {
			isa = XCBuildConfiguration;
			buildSettings = {
				ASSETCATALOG_COMPILER_APPICON_NAME = AppIcon;
				CODE_SIGN_STYLE = Automatic;
				DEVELOPMENT_TEAM = Q8998CJRX2;
				INFOPLIST_FILE = tabGestureImgPreview/Info.plist;
				LD_RUNPATH_SEARCH_PATHS = (
					"$(inherited)",
					"@executable_path/Frameworks",
				);
				PRODUCT_BUNDLE_IDENTIFIER = com.todordimitrov.tabGestureImgPreview;
				PRODUCT_NAME = "$(TARGET_NAME)";
				SWIFT_VERSION = 5.0;
				TARGETED_DEVICE_FAMILY = "1,2";
			};
			name = Debug;
		};
		D412F57A250118CF00E7BB9C /* Release */ = {
			isa = XCBuildConfiguration;
			buildSettings = {
				ASSETCATALOG_COMPILER_APPICON_NAME = AppIcon;
				CODE_SIGN_STYLE = Automatic;
				DEVELOPMENT_TEAM = Q8998CJRX2;
				INFOPLIST_FILE = tabGestureImgPreview/Info.plist;
				LD_RUNPATH_SEARCH_PATHS = (
					"$(inherited)",
					"@executable_path/Frameworks",
				);
				PRODUCT_BUNDLE_IDENTIFIER = com.todordimitrov.tabGestureImgPreview;
				PRODUCT_NAME = "$(TARGET_NAME)";
				SWIFT_VERSION = 5.0;
				TARGETED_DEVICE_FAMILY = "1,2";
			};
			name = Release;
		};
/* End XCBuildConfiguration section */

/* Begin XCConfigurationList section */
		D412F55F250118CE00E7BB9C /* Build configuration list for PBXProject "tabGestureImgPreview" */ = {
			isa = XCConfigurationList;
			buildConfigurations = (
				D412F576250118CF00E7BB9C /* Debug */,
				D412F577250118CF00E7BB9C /* Release */,
			);
			defaultConfigurationIsVisible = 0;
			defaultConfigurationName = Release;
		};
		D412F578250118CF00E7BB9C /* Build configuration list for PBXNativeTarget "tabGestureImgPreview" */ = {
			isa = XCConfigurationList;
			buildConfigurations = (
				D412F579250118CF00E7BB9C /* Debug */,
				D412F57A250118CF00E7BB9C /* Release */,
			);
			defaultConfigurationIsVisible = 0;
			defaultConfigurationName = Release;
		};
/* End XCConfigurationList section */
	};
	rootObject = D412F55C250118CE00E7BB9C /* Project object */;
}
